
Microsoft Visual Studio Solution File, Format Version 12.00
# Visual Studio 15
VisualStudioVersion = 15.0.28307.1800
MinimumVisualStudioVersion = 10.0.40219.1
Project("{FAE04EC0-301F-11D3-BF4B-00C04F79EFBC}") = "ITMO.DevFound2022.StrengthCSApp", "ITMO.DevFound2022.StrengthCSApp\ITMO.DevFound2022.StrengthCSApp.csproj", "{59673290-91AF-4C24-B174-5E3BB2B7E55D}"
EndProject
Global
	GlobalSection(SolutionConfigurationPlatforms) = preSolution
		Debug|Any CPU = Debug|Any CPU
		Release|Any CPU = Release|Any CPU
	EndGlobalSection
	GlobalSection(ProjectConfigurationPlatforms) = postSolution
		{59673290-91AF-4C24-B174-5E3BB2B7E55D}.Debug|Any CPU.ActiveCfg = Debug|Any CPU
		{59673290-91AF-4C24-B174-5E3BB2B7E55D}.Debug|Any CPU.Build.0 = Debug|Any CPU
		{59673290-91AF-4C24-B174-5E3BB2B7E55D}.Release|Any CPU.ActiveCfg = Release|Any CPU
		{59673290-91AF-4C24-B174-5E3BB2B7E55D}.Release|Any CPU.Build.0 = Release|Any CPU
	EndGlobalSection
	GlobalSection(SolutionProperties) = preSolution
		HideSolutionNode = FALSE
	EndGlobalSection
	GlobalSection(ExtensibilityGlobals) = postSolution
		SolutionGuid = {36DEE157-A15E-4D40-A42F-DBF54D757DC4}
	EndGlobalSection
EndGlobal
